<?xml version="1.0" encoding="utf-8"?>
<Project ToolsVersion="4.0" xmlns="http://schemas.microsoft.com/developer/msbuild/2003">
  <ItemGroup>
    <Filter Include="Source Files">
      <UniqueIdentifier>{4FC737F1-C7A5-4376-A066-2A32D752A2FF}</UniqueIdentifier>
      <Extensions>cpp;c;cc;cxx;c++;cppm;ixx;def;odl;idl;hpj;bat;asm;asmx</Extensions>
    </Filter>
    <Filter Include="Header Files">
      <UniqueIdentifier>{93995380-89BD-4b04-88EB-625FBE52EBFB}</UniqueIdentifier>
      <Extensions>h;hh;hpp;hxx;h++;hm;inl;inc;ipp;xsd</Extensions>
    </Filter>
    <Filter Include="Resource Files">
      <UniqueIdentifier>{67DA6AB6-F800-4c08-8B7A-83BB121AAD01}</UniqueIdentifier>
      <Extensions>rc;ico;cur;bmp;dlg;rc2;rct;bin;rgs;gif;jpg;jpeg;jpe;resx;tiff;tif;png;wav;mfcribbon-ms</Extensions>
    </Filter>
  </ItemGroup>
  <ItemGroup>
    <ClInclude Include="framework.h">
      <Filter>Header Files</Filter>
    </ClInclude>
    <ClInclude Include="targetver.h">
      <Filter>Header Files</Filter>
    </ClInclude>
    <ClInclude Include="Resource.h">
      <Filter>Header Files</Filter>
    </ClInclude>
    <ClInclude Include="ACS.h">
      <Filter>Header Files</Filter>
    </ClInclude>
    <ClInclude Include="attendanceChecker.h">
      <Filter>Header Files</Filter>
    </ClInclude>
    <ClInclude Include="attendanceController.h">
      <Filter>Header Files</Filter>
    </ClInclude>
    <ClInclude Include="attendanceView.h">
      <Filter>Header Files</Filter>
    </ClInclude>
    <ClInclude Include="commManager.h">
      <Filter>Header Files</Filter>
    </ClInclude>
    <ClInclude Include="listener.h">
      <Filter>Header Files</Filter>
    </ClInclude>
    <ClInclude Include="MSG_DB.h">
      <Filter>Header Files</Filter>
    </ClInclude>
    <ClInclude Include="NetworkTCP.h">
      <Filter>Header Files</Filter>
    </ClInclude>
    <ClInclude Include="Payload.h">
      <Filter>Header Files</Filter>
    </ClInclude>
    <ClInclude Include="SecurityManagerAcs.h">
      <Filter>Header Files</Filter>
    </ClInclude>
    <ClInclude Include="serialize.h">
      <Filter>Header Files</Filter>
    </ClInclude>
    <ClInclude Include="studentController.h">
      <Filter>Header Files</Filter>
    </ClInclude>
    <ClInclude Include="studentView.h">
      <Filter>Header Files</Filter>
    </ClInclude>
    <ClInclude Include="TcpSendRecvCmd.h">
      <Filter>Header Files</Filter>
    </ClInclude>
    <ClInclude Include="TcpSendRecvJpeg.h">
      <Filter>Header Files</Filter>
    </ClInclude>
    <ClInclude Include="user.h">
      <Filter>Header Files</Filter>
    </ClInclude>
    <ClInclude Include="userAuthManager.h">
      <Filter>Header Files</Filter>
    </ClInclude>
    <ClInclude Include="userAuthView.h">
      <Filter>Header Files</Filter>
    </ClInclude>
    <ClInclude Include="view.h">
      <Filter>Header Files</Filter>
    </ClInclude>
    <ClInclude Include="viewHandler.h">
      <Filter>Header Files</Filter>
    </ClInclude>
  </ItemGroup>
  <ItemGroup>
    <ClCompile Include="ACS.cpp">
      <Filter>Source Files</Filter>
    </ClCompile>
    <ClCompile Include="attendanceChecker.cpp">
      <Filter>Source Files</Filter>
    </ClCompile>
    <ClCompile Include="attendanceController.cpp">
      <Filter>Source Files</Filter>
    </ClCompile>
    <ClCompile Include="attendanceView.cpp">
      <Filter>Source Files</Filter>
    </ClCompile>
    <ClCompile Include="commManager.cpp">
      <Filter>Source Files</Filter>
    </ClCompile>
    <ClCompile Include="NetworkTCP.cpp">
      <Filter>Source Files</Filter>
    </ClCompile>
    <ClCompile Include="SecurityManagerAcs.cpp">
      <Filter>Source Files</Filter>
    </ClCompile>
    <ClCompile Include="studentController.cpp">
      <Filter>Source Files</Filter>
    </ClCompile>
    <ClCompile Include="TcpSendRecvCmd.cpp">
      <Filter>Source Files</Filter>
    </ClCompile>
    <ClCompile Include="studentView.cpp">
      <Filter>Source Files</Filter>
    </ClCompile>
    <ClCompile Include="TcpSendRecvJpeg.cpp">
      <Filter>Source Files</Filter>
    </ClCompile>
    <ClCompile Include="userAuthManager.cpp">
      <Filter>Source Files</Filter>
    </ClCompile>
    <ClCompile Include="userAuthView.cpp">
      <Filter>Source Files</Filter>
    </ClCompile>
    <ClCompile Include="view.cpp">
      <Filter>Header Files</Filter>
    </ClCompile>
  </ItemGroup>
  <ItemGroup>
    <ResourceCompile Include="ACS.rc">
      <Filter>Resource Files</Filter>
    </ResourceCompile>
  </ItemGroup>
  <ItemGroup>
    <Image Include="small.ico">
      <Filter>Resource Files</Filter>
    </Image>
    <Image Include="ACS.ico">
      <Filter>Resource Files</Filter>
    </Image>
  </ItemGroup>
</Project>